Microsoft Visual Studio Solution File, Format Version 12.00
# Visual Studio Version 17
VisualStudioVersion = 17.5.2.0
MinimumVisualStudioVersion = 10.0.40219.1
Project("{FAE04EC0-301F-11D3-BF4B-00C04F79EFBC}") = "QuanLyTram", "QuanLyTram\QuanLyTram.csproj", "{784E6384-F844-ED22-0881-3A128EE4B7A4}"
EndProject
Project("{FAE04EC0-301F-11D3-BF4B-00C04F79EFBC}") = "QuanLyTron", "QuanLyTron\QuanLyTron.csproj", "{55EB2361-E190-480E-9291-E20FF67EADE0}"
EndProject
Global
	GlobalSection(SolutionConfigurationPlatforms) = preSolution
		Debug|Any CPU = Debug|Any CPU
		Release|Any CPU = Release|Any CPU
	EndGlobalSection
	GlobalSection(ProjectConfigurationPlatforms) = postSolution
		{784E6384-F844-ED22-0881-3A128EE4B7A4}.Debug|Any CPU.ActiveCfg = Debug|Any CPU
		{784E6384-F844-ED22-0881-3A128EE4B7A4}.Debug|Any CPU.Build.0 = Debug|Any CPU
		{784E6384-F844-ED22-0881-3A128EE4B7A4}.Release|Any CPU.ActiveCfg = Release|Any CPU
		{784E6384-F844-ED22-0881-3A128EE4B7A4}.Release|Any CPU.Build.0 = Release|Any CPU
		{55EB2361-E190-480E-9291-E20FF67EADE0}.Debug|Any CPU.ActiveCfg = Debug|Any CPU
		{55EB2361-E190-480E-9291-E20FF67EADE0}.Debug|Any CPU.Build.0 = Debug|Any CPU
		{55EB2361-E190-480E-9291-E20FF67EADE0}.Release|Any CPU.ActiveCfg = Release|Any CPU
		{55EB2361-E190-480E-9291-E20FF67EADE0}.Release|Any CPU.Build.0 = Release|Any CPU
	EndGlobalSection
	GlobalSection(SolutionProperties) = preSolution
		HideSolutionNode = FALSE
	EndGlobalSection
	GlobalSection(ExtensibilityGlobals) = postSolution
		SolutionGuid = {C2F359F7-4BAD-40D4-B0BC-28FD4D691465}
	EndGlobalSection
EndGlobal
